
Microsoft Visual Studio Solution File, Format Version 12.00
# Visual Studio Version 17
VisualStudioVersion = 17.4.33122.133
MinimumVisualStudioVersion = 10.0.40219.1
Project("{9A19103F-16F7-4668-BE54-9A1E7A4F7556}") = "CslaBlazorApp.Server", "Server\CslaBlazorApp.Server.csproj", "{D07695E6-64E7-4252-A40E-32B9B89A0B67}"
EndProject
Project("{9A19103F-16F7-4668-BE54-9A1E7A4F7556}") = "CslaBlazorApp.Client", "Client\CslaBlazorApp.Client.csproj", "{E98A24FF-FC35-44C7-979F-F3C357EF2B71}"
EndProject
Project("{9A19103F-16F7-4668-BE54-9A1E7A4F7556}") = "CslaBlazorApp.Shared", "Shared\CslaBlazorApp.Shared.csproj", "{711EB271-A80A-4BB1-BCF9-C8610FF0EAD9}"
EndProject
Project("{9A19103F-16F7-4668-BE54-9A1E7A4F7556}") = "DataAccess", "DataAccess\DataAccess.csproj", "{3F95F846-4319-4819-872D-80D7B62429E0}"
EndProject
Project("{9A19103F-16F7-4668-BE54-9A1E7A4F7556}") = "DataAccess.Mock", "DataAccess.Mock\DataAccess.Mock.csproj", "{A607C15D-A686-4D15-94F7-38B96A4E4344}"
EndProject
Project("{2150E333-8FDC-42A3-9474-1A3956D46DE8}") = "Solution Items", "Solution Items", "{5C6B4674-D6D3-42C2-96E0-666E9CF5B8A3}"
	ProjectSection(SolutionItems) = preProject
		Database\Csla_DDL.sql = Database\Csla_DDL.sql
		Database\Csla_DML.sql = Database\Csla_DML.sql
		Database\genInsertStoredProc.sql = Database\genInsertStoredProc.sql
		Database\genUpdateStoredProc.sql = Database\genUpdateStoredProc.sql
		notes.txt = notes.txt
		README.md = README.md
		Database\usp_Document_insert.sql = Database\usp_Document_insert.sql
		Database\usp_Document_update.sql = Database\usp_Document_update.sql
		Database\usp_Publciation_update.sql = Database\usp_Publciation_update.sql
		Database\usp_PublicationTopic_insert.sql = Database\usp_PublicationTopic_insert.sql
		Database\usp_Publication_insert.sql = Database\usp_Publication_insert.sql
	EndProjectSection
EndProject
Project("{2150E333-8FDC-42A3-9474-1A3956D46DE8}") = "Database", "Database", "{9BB7866C-CAEB-451D-8421-161664FDA330}"
EndProject
Project("{9A19103F-16F7-4668-BE54-9A1E7A4F7556}") = "DataAccess.MSSQL", "DataAccess.MSSQL\DataAccess.MSSQL.csproj", "{1A3CF6BF-264C-4A61-AEE8-819D74F62A5E}"
EndProject
Global
	GlobalSection(SolutionConfigurationPlatforms) = preSolution
		Debug|Any CPU = Debug|Any CPU
		Release|Any CPU = Release|Any CPU
	EndGlobalSection
	GlobalSection(ProjectConfigurationPlatforms) = postSolution
		{D07695E6-64E7-4252-A40E-32B9B89A0B67}.Debug|Any CPU.ActiveCfg = Debug|Any CPU
		{D07695E6-64E7-4252-A40E-32B9B89A0B67}.Debug|Any CPU.Build.0 = Debug|Any CPU
		{D07695E6-64E7-4252-A40E-32B9B89A0B67}.Release|Any CPU.ActiveCfg = Release|Any CPU
		{D07695E6-64E7-4252-A40E-32B9B89A0B67}.Release|Any CPU.Build.0 = Release|Any CPU
		{E98A24FF-FC35-44C7-979F-F3C357EF2B71}.Debug|Any CPU.ActiveCfg = Debug|Any CPU
		{E98A24FF-FC35-44C7-979F-F3C357EF2B71}.Debug|Any CPU.Build.0 = Debug|Any CPU
		{E98A24FF-FC35-44C7-979F-F3C357EF2B71}.Release|Any CPU.ActiveCfg = Release|Any CPU
		{E98A24FF-FC35-44C7-979F-F3C357EF2B71}.Release|Any CPU.Build.0 = Release|Any CPU
		{711EB271-A80A-4BB1-BCF9-C8610FF0EAD9}.Debug|Any CPU.ActiveCfg = Debug|Any CPU
		{711EB271-A80A-4BB1-BCF9-C8610FF0EAD9}.Debug|Any CPU.Build.0 = Debug|Any CPU
		{711EB271-A80A-4BB1-BCF9-C8610FF0EAD9}.Release|Any CPU.ActiveCfg = Release|Any CPU
		{711EB271-A80A-4BB1-BCF9-C8610FF0EAD9}.Release|Any CPU.Build.0 = Release|Any CPU
		{3F95F846-4319-4819-872D-80D7B62429E0}.Debug|Any CPU.ActiveCfg = Debug|Any CPU
		{3F95F846-4319-4819-872D-80D7B62429E0}.Debug|Any CPU.Build.0 = Debug|Any CPU
		{3F95F846-4319-4819-872D-80D7B62429E0}.Release|Any CPU.ActiveCfg = Release|Any CPU
		{3F95F846-4319-4819-872D-80D7B62429E0}.Release|Any CPU.Build.0 = Release|Any CPU
		{A607C15D-A686-4D15-94F7-38B96A4E4344}.Debug|Any CPU.ActiveCfg = Debug|Any CPU
		{A607C15D-A686-4D15-94F7-38B96A4E4344}.Debug|Any CPU.Build.0 = Debug|Any CPU
		{A607C15D-A686-4D15-94F7-38B96A4E4344}.Release|Any CPU.ActiveCfg = Release|Any CPU
		{A607C15D-A686-4D15-94F7-38B96A4E4344}.Release|Any CPU.Build.0 = Release|Any CPU
		{1A3CF6BF-264C-4A61-AEE8-819D74F62A5E}.Debug|Any CPU.ActiveCfg = Debug|Any CPU
		{1A3CF6BF-264C-4A61-AEE8-819D74F62A5E}.Debug|Any CPU.Build.0 = Debug|Any CPU
		{1A3CF6BF-264C-4A61-AEE8-819D74F62A5E}.Release|Any CPU.ActiveCfg = Release|Any CPU
		{1A3CF6BF-264C-4A61-AEE8-819D74F62A5E}.Release|Any CPU.Build.0 = Release|Any CPU
	EndGlobalSection
	GlobalSection(SolutionProperties) = preSolution
		HideSolutionNode = FALSE
	EndGlobalSection
	GlobalSection(ExtensibilityGlobals) = postSolution
		SolutionGuid = {30058604-8923-4566-B163-52F19F1A2788}
	EndGlobalSection
EndGlobal
