
Microsoft Visual Studio Solution File, Format Version 12.00
# Visual Studio Version 17
VisualStudioVersion = 17.4.33122.133
MinimumVisualStudioVersion = 10.0.40219.1
Project("{9A19103F-16F7-4668-BE54-9A1E7A4F7556}") = "TestDataSource", "TestDataSource.csproj", "{D157A7C4-8CCC-4F85-BDB4-DF7DF9850CCC}"
EndProject
Global
	GlobalSection(SolutionConfigurationPlatforms) = preSolution
		Debug|Any CPU = Debug|Any CPU
		Release|Any CPU = Release|Any CPU
	EndGlobalSection
	GlobalSection(ProjectConfigurationPlatforms) = postSolution
		{D157A7C4-8CCC-4F85-BDB4-DF7DF9850CCC}.Debug|Any CPU.ActiveCfg = Debug|Any CPU
		{D157A7C4-8CCC-4F85-BDB4-DF7DF9850CCC}.Debug|Any CPU.Build.0 = Debug|Any CPU
		{D157A7C4-8CCC-4F85-BDB4-DF7DF9850CCC}.Release|Any CPU.ActiveCfg = Release|Any CPU
		{D157A7C4-8CCC-4F85-BDB4-DF7DF9850CCC}.Release|Any CPU.Build.0 = Release|Any CPU
	EndGlobalSection
	GlobalSection(SolutionProperties) = preSolution
		HideSolutionNode = FALSE
	EndGlobalSection
	GlobalSection(ExtensibilityGlobals) = postSolution
		SolutionGuid = {C7544459-F4AD-45E8-9DDA-880B491D6404}
	EndGlobalSection
EndGlobal
